
Microsoft Visual Studio Solution File, Format Version 12.00
# Visual Studio 2012
Project("{FAE04EC0-301F-11D3-BF4B-00C04F79EFBC}") = "icecream_test1", "icecream_test1\icecream_test1.csproj", "{A465A26C-E91B-4DAB-91B5-3FE4AD92CCED}"
EndProject
Global
	GlobalSection(SolutionConfigurationPlatforms) = preSolution
		Debug|Any CPU = Debug|Any CPU
		Release|Any CPU = Release|Any CPU
	EndGlobalSection
	GlobalSection(ProjectConfigurationPlatforms) = postSolution
		{A465A26C-E91B-4DAB-91B5-3FE4AD92CCED}.Debug|Any CPU.ActiveCfg = Debug|Any CPU
		{A465A26C-E91B-4DAB-91B5-3FE4AD92CCED}.Debug|Any CPU.Build.0 = Debug|Any CPU
		{A465A26C-E91B-4DAB-91B5-3FE4AD92CCED}.Debug|Any CPU.Deploy.0 = Debug|Any CPU
		{A465A26C-E91B-4DAB-91B5-3FE4AD92CCED}.Release|Any CPU.ActiveCfg = Release|Any CPU
		{A465A26C-E91B-4DAB-91B5-3FE4AD92CCED}.Release|Any CPU.Build.0 = Release|Any CPU
		{A465A26C-E91B-4DAB-91B5-3FE4AD92CCED}.Release|Any CPU.Deploy.0 = Release|Any CPU
	EndGlobalSection
	GlobalSection(MonoDevelopProperties) = preSolution
		StartupItem = icecream_test1\icecream_test1.csproj
		Policies = $0
		$0.VersionControlPolicy = $1
		$1.inheritsSet = Mono
	EndGlobalSection
	GlobalSection(SolutionProperties) = preSolution
		HideSolutionNode = FALSE
	EndGlobalSection
EndGlobal
